
Microsoft Visual Studio Solution File, Format Version 12.00
# Visual Studio Version 17
VisualStudioVersion = 17.6.33801.468
MinimumVisualStudioVersion = 10.0.40219.1
Project("{FAE04EC0-301F-11D3-BF4B-00C04F79EFBC}") = "BankAccounts", "BankAccounts\BankAccounts.csproj", "{4A85050B-C60B-43C3-B37A-65666EF06C0D}"
EndProject
Global
	GlobalSection(SolutionConfigurationPlatforms) = preSolution
		Debug|Any CPU = Debug|Any CPU
		Release|Any CPU = Release|Any CPU
	EndGlobalSection
	GlobalSection(ProjectConfigurationPlatforms) = postSolution
		{4A85050B-C60B-43C3-B37A-65666EF06C0D}.Debug|Any CPU.ActiveCfg = Debug|Any CPU
		{4A85050B-C60B-43C3-B37A-65666EF06C0D}.Debug|Any CPU.Build.0 = Debug|Any CPU
		{4A85050B-C60B-43C3-B37A-65666EF06C0D}.Release|Any CPU.ActiveCfg = Release|Any CPU
		{4A85050B-C60B-43C3-B37A-65666EF06C0D}.Release|Any CPU.Build.0 = Release|Any CPU
	EndGlobalSection
	GlobalSection(SolutionProperties) = preSolution
		HideSolutionNode = FALSE
	EndGlobalSection
	GlobalSection(ExtensibilityGlobals) = postSolution
		SolutionGuid = {CDBF5AF1-7535-4AA6-8143-F443F461C6C9}
	EndGlobalSection
EndGlobal
